
Microsoft Visual Studio Solution File, Format Version 12.00
# Visual Studio Version 17
VisualStudioVersion = 17.8.34525.116
MinimumVisualStudioVersion = 10.0.40219.1
Project("{FAE04EC0-301F-11D3-BF4B-00C04F79EFBC}") = "Ecommerce", "Ecommerce\Ecommerce.csproj", "{1546C839-D745-4AD2-96AA-B8323176EC8C}"
EndProject
Global
	GlobalSection(SolutionConfigurationPlatforms) = preSolution
		Debug|Any CPU = Debug|Any CPU
		Release|Any CPU = Release|Any CPU
	EndGlobalSection
	GlobalSection(ProjectConfigurationPlatforms) = postSolution
		{1546C839-D745-4AD2-96AA-B8323176EC8C}.Debug|Any CPU.ActiveCfg = Debug|Any CPU
		{1546C839-D745-4AD2-96AA-B8323176EC8C}.Debug|Any CPU.Build.0 = Debug|Any CPU
		{1546C839-D745-4AD2-96AA-B8323176EC8C}.Release|Any CPU.ActiveCfg = Release|Any CPU
		{1546C839-D745-4AD2-96AA-B8323176EC8C}.Release|Any CPU.Build.0 = Release|Any CPU
	EndGlobalSection
	GlobalSection(SolutionProperties) = preSolution
		HideSolutionNode = FALSE
	EndGlobalSection
	GlobalSection(ExtensibilityGlobals) = postSolution
		SolutionGuid = {C4C34E07-D9F0-4B42-83CD-07C7B8E5CEA1}
	EndGlobalSection
EndGlobal
